
Microsoft Visual Studio Solution File, Format Version 12.00
# Visual Studio Version 16
VisualStudioVersion = 16.0.30611.23
MinimumVisualStudioVersion = 10.0.40219.1
Project("{FAE04EC0-301F-11D3-BF4B-00C04F79EFBC}") = "UnityEngine.UI", "UnityEngine.UI.csproj", "{3EB81A55-19AC-B55D-8A62-52CD4DDB776A}"
EndProject
Project("{FAE04EC0-301F-11D3-BF4B-00C04F79EFBC}") = "UnityEngine.TestRunner", "UnityEngine.TestRunner.csproj", "{D6FED1B0-5E4E-290D-1177-FA0373C624AB}"
EndProject
Project("{FAE04EC0-301F-11D3-BF4B-00C04F79EFBC}") = "Unity.2D.Animation.Triangle.Runtime", "Unity.2D.Animation.Triangle.Runtime.csproj", "{E482E4D0-1E67-8596-3CFF-1D03CE3F149F}"
EndProject
Project("{FAE04EC0-301F-11D3-BF4B-00C04F79EFBC}") = "com.unity.multiplayer-hlapi.Runtime", "com.unity.multiplayer-hlapi.Runtime.csproj", "{DDFD6E41-8E98-2993-7798-33FCFD363EB6}"
EndProject
Project("{FAE04EC0-301F-11D3-BF4B-00C04F79EFBC}") = "Unity.TextMeshPro", "Unity.TextMeshPro.csproj", "{A88DBC45-B8DF-3525-6A3F-3384EEF39049}"
EndProject
Project("{FAE04EC0-301F-11D3-BF4B-00C04F79EFBC}") = "Unity.2D.Animation.Runtime", "Unity.2D.Animation.Runtime.csproj", "{58548FC5-680B-B87D-7953-9EA040B16C87}"
EndProject
Project("{FAE04EC0-301F-11D3-BF4B-00C04F79EFBC}") = "Unity.Timeline", "Unity.Timeline.csproj", "{EA8967D7-A135-C133-FF5D-26BF1681C414}"
EndProject
Project("{FAE04EC0-301F-11D3-BF4B-00C04F79EFBC}") = "Assembly-CSharp", "Assembly-CSharp.csproj", "{3197AAF8-ECC7-37A7-A0A6-0CC92247797A}"
EndProject
Project("{FAE04EC0-301F-11D3-BF4B-00C04F79EFBC}") = "Unity.Mathematics", "Unity.Mathematics.csproj", "{C20E904B-1C2A-7731-829D-C6A82001665E}"
EndProject
Project("{FAE04EC0-301F-11D3-BF4B-00C04F79EFBC}") = "Unity.2D.SpriteShape.Runtime", "Unity.2D.SpriteShape.Runtime.csproj", "{9E0B2522-578C-E6A8-BF13-598F2ADAE930}"
EndProject
Project("{FAE04EC0-301F-11D3-BF4B-00C04F79EFBC}") = "UnityEngine.Purchasing", "UnityEngine.Purchasing.csproj", "{43A95777-35F1-960A-C0D6-F0113F2424D7}"
EndProject
Project("{FAE04EC0-301F-11D3-BF4B-00C04F79EFBC}") = "UnityEngine.Advertisements", "UnityEngine.Advertisements.csproj", "{5F34EC2A-5070-7AF3-703F-6E7DA44F1E6A}"
EndProject
Project("{FAE04EC0-301F-11D3-BF4B-00C04F79EFBC}") = "Unity.Analytics.DataPrivacy", "Unity.Analytics.DataPrivacy.csproj", "{EAD5188A-1301-7015-5CBA-DD3A794DACDF}"
EndProject
Project("{FAE04EC0-301F-11D3-BF4B-00C04F79EFBC}") = "UnityEngine.Monetization", "UnityEngine.Monetization.csproj", "{C4D11B55-B622-7BD7-99DE-497E1ECB74EF}"
EndProject
Project("{FAE04EC0-301F-11D3-BF4B-00C04F79EFBC}") = "UnityEngine.XR.LegacyInputHelpers", "UnityEngine.XR.LegacyInputHelpers.csproj", "{0732286D-674C-56A8-8F85-7CCDD29D2C6B}"
EndProject
Project("{FAE04EC0-301F-11D3-BF4B-00C04F79EFBC}") = "UnityEngine.SpatialTracking", "UnityEngine.SpatialTracking.csproj", "{1A915BE3-E1B7-BF06-25C8-FEFD1AB29023}"
EndProject
Project("{FAE04EC0-301F-11D3-BF4B-00C04F79EFBC}") = "Unity.2D.PixelPerfect", "Unity.2D.PixelPerfect.csproj", "{ACA2719D-F55F-CB63-9190-7109032F366D}"
EndProject
Project("{FAE04EC0-301F-11D3-BF4B-00C04F79EFBC}") = "Unity.InternalAPIEngineBridge.001", "Unity.InternalAPIEngineBridge.001.csproj", "{51118FFA-DB2F-E418-D8C7-51DBB6F8C75E}"
EndProject
Project("{FAE04EC0-301F-11D3-BF4B-00C04F79EFBC}") = "Unity.2D.Common.Runtime", "Unity.2D.Common.Runtime.csproj", "{C659188E-C506-C5AC-FD12-C2C199ECCCF5}"
EndProject
Project("{FAE04EC0-301F-11D3-BF4B-00C04F79EFBC}") = "TestFolderAssembly", "TestFolderAssembly.csproj", "{3C0F05AC-F620-4CA7-4145-0A0D6C459471}"
EndProject
Project("{FAE04EC0-301F-11D3-BF4B-00C04F79EFBC}") = "UnityEditor.TestRunner", "UnityEditor.TestRunner.csproj", "{6C5E667B-04F0-798E-701A-220E2982CF6A}"
EndProject
Project("{FAE04EC0-301F-11D3-BF4B-00C04F79EFBC}") = "Unity.TextMeshPro.Editor", "Unity.TextMeshPro.Editor.csproj", "{D093E313-D5B2-788C-4F45-F929F7395B9C}"
EndProject
Project("{FAE04EC0-301F-11D3-BF4B-00C04F79EFBC}") = "Unity.Timeline.Editor", "Unity.Timeline.Editor.csproj", "{2D0C966F-8370-F3D6-880B-37209C5F271D}"
EndProject
Project("{FAE04EC0-301F-11D3-BF4B-00C04F79EFBC}") = "Unity.2D.Animation.Editor", "Unity.2D.Animation.Editor.csproj", "{8A40E1CC-9A02-95B8-4ECA-6DF1BE26B6D8}"
EndProject
Project("{FAE04EC0-301F-11D3-BF4B-00C04F79EFBC}") = "Unity.2D.Path.Editor", "Unity.2D.Path.Editor.csproj", "{4BB42FCA-ED37-C5F9-06B6-8CB1DEA6D47D}"
EndProject
Project("{FAE04EC0-301F-11D3-BF4B-00C04F79EFBC}") = "Unity.2D.Sprite.Editor", "Unity.2D.Sprite.Editor.csproj", "{5C6E066A-10A7-9DC1-1EC1-9D2E8EF0E0EB}"
EndProject
Project("{FAE04EC0-301F-11D3-BF4B-00C04F79EFBC}") = "com.unity.multiplayer-hlapi.Editor", "com.unity.multiplayer-hlapi.Editor.csproj", "{5F26E53F-0817-25F9-06CF-4D63A0AC1C03}"
EndProject
Project("{FAE04EC0-301F-11D3-BF4B-00C04F79EFBC}") = "UnityEditor.UI", "UnityEditor.UI.csproj", "{670684F0-9F90-C582-0A16-9B2F0FF4C7D5}"
EndProject
Project("{FAE04EC0-301F-11D3-BF4B-00C04F79EFBC}") = "Unity.Rider.Editor", "Unity.Rider.Editor.csproj", "{E7FCA8B5-DA00-F141-4AA7-F6C1D2E4EADE}"
EndProject
Project("{FAE04EC0-301F-11D3-BF4B-00C04F79EFBC}") = "Unity.2D.Tilemap.Editor", "Unity.2D.Tilemap.Editor.csproj", "{EA68AFFB-984D-6D0D-86DB-715F10DE44D7}"
EndProject
Project("{FAE04EC0-301F-11D3-BF4B-00C04F79EFBC}") = "UnityEngine.Advertisements.Editor", "UnityEngine.Advertisements.Editor.csproj", "{34202702-B86B-89EA-EF42-FD3EF626366D}"
EndProject
Project("{FAE04EC0-301F-11D3-BF4B-00C04F79EFBC}") = "Unity.2D.SpriteShape.Editor", "Unity.2D.SpriteShape.Editor.csproj", "{A01A1052-05CA-6DE1-7586-A2B56F65DEB2}"
EndProject
Project("{FAE04EC0-301F-11D3-BF4B-00C04F79EFBC}") = "UnityEditor.XR.LegacyInputHelpers", "UnityEditor.XR.LegacyInputHelpers.csproj", "{C135DBDE-3B56-1A98-F28F-83110DB9151D}"
EndProject
Project("{FAE04EC0-301F-11D3-BF4B-00C04F79EFBC}") = "PsdPlugin", "PsdPlugin.csproj", "{4904A688-15E5-2B10-72B3-12EFB1C7F9FF}"
EndProject
Project("{FAE04EC0-301F-11D3-BF4B-00C04F79EFBC}") = "Unity.CollabProxy.Editor", "Unity.CollabProxy.Editor.csproj", "{A04DF00C-C071-A6B4-CED8-E98EB705296E}"
EndProject
Project("{FAE04EC0-301F-11D3-BF4B-00C04F79EFBC}") = "Unity.2D.Common.Editor", "Unity.2D.Common.Editor.csproj", "{3DFC23FF-C591-44D4-BB19-1144DCA9B277}"
EndProject
Project("{FAE04EC0-301F-11D3-BF4B-00C04F79EFBC}") = "com.unity.multiplayer-weaver.Editor", "com.unity.multiplayer-weaver.Editor.csproj", "{8BBF646E-3234-8DE3-2819-C6857ADC6628}"
EndProject
Project("{FAE04EC0-301F-11D3-BF4B-00C04F79EFBC}") = "Unity.VSCode.Editor", "Unity.VSCode.Editor.csproj", "{F87BA412-1363-5D26-F6DC-59D967764AE3}"
EndProject
Project("{FAE04EC0-301F-11D3-BF4B-00C04F79EFBC}") = "UnityEditor.Purchasing", "UnityEditor.Purchasing.csproj", "{0764AD15-BACD-81F3-7B5F-A69C9C94C8DF}"
EndProject
Project("{FAE04EC0-301F-11D3-BF4B-00C04F79EFBC}") = "Unity.2D.Psdimporter.Editor", "Unity.2D.Psdimporter.Editor.csproj", "{D91ECB6D-5F18-C3E9-C12D-9DC7F87A4EB9}"
EndProject
Project("{FAE04EC0-301F-11D3-BF4B-00C04F79EFBC}") = "Unity.2D.PixelPerfect.Editor", "Unity.2D.PixelPerfect.Editor.csproj", "{A72E1000-7BBA-3DE6-04F7-E3ACEA1F5DD9}"
EndProject
Project("{FAE04EC0-301F-11D3-BF4B-00C04F79EFBC}") = "Unity.Mathematics.Editor", "Unity.Mathematics.Editor.csproj", "{CC140787-F2C6-8D50-C545-614ECF5FC7F0}"
EndProject
Project("{FAE04EC0-301F-11D3-BF4B-00C04F79EFBC}") = "Unity.InternalAPIEditorBridge.001", "Unity.InternalAPIEditorBridge.001.csproj", "{969F7AE1-CDE9-BDCE-F43E-636354E5267F}"
EndProject
Project("{FAE04EC0-301F-11D3-BF4B-00C04F79EFBC}") = "UnityEditor.SpatialTracking", "UnityEditor.SpatialTracking.csproj", "{E9D13965-11FB-E32B-968C-56C9B24672C8}"
EndProject
Global
	GlobalSection(SolutionConfigurationPlatforms) = preSolution
		Debug|Any CPU = Debug|Any CPU
		Release|Any CPU = Release|Any CPU
	EndGlobalSection
	GlobalSection(ProjectConfigurationPlatforms) = postSolution
		{3EB81A55-19AC-B55D-8A62-52CD4DDB776A}.Debug|Any CPU.ActiveCfg = Debug|Any CPU
		{3EB81A55-19AC-B55D-8A62-52CD4DDB776A}.Debug|Any CPU.Build.0 = Debug|Any CPU
		{3EB81A55-19AC-B55D-8A62-52CD4DDB776A}.Release|Any CPU.ActiveCfg = Release|Any CPU
		{3EB81A55-19AC-B55D-8A62-52CD4DDB776A}.Release|Any CPU.Build.0 = Release|Any CPU
		{D6FED1B0-5E4E-290D-1177-FA0373C624AB}.Debug|Any CPU.ActiveCfg = Debug|Any CPU
		{D6FED1B0-5E4E-290D-1177-FA0373C624AB}.Debug|Any CPU.Build.0 = Debug|Any CPU
		{D6FED1B0-5E4E-290D-1177-FA0373C624AB}.Release|Any CPU.ActiveCfg = Release|Any CPU
		{D6FED1B0-5E4E-290D-1177-FA0373C624AB}.Release|Any CPU.Build.0 = Release|Any CPU
		{E482E4D0-1E67-8596-3CFF-1D03CE3F149F}.Debug|Any CPU.ActiveCfg = Debug|Any CPU
		{E482E4D0-1E67-8596-3CFF-1D03CE3F149F}.Debug|Any CPU.Build.0 = Debug|Any CPU
		{E482E4D0-1E67-8596-3CFF-1D03CE3F149F}.Release|Any CPU.ActiveCfg = Release|Any CPU
		{E482E4D0-1E67-8596-3CFF-1D03CE3F149F}.Release|Any CPU.Build.0 = Release|Any CPU
		{DDFD6E41-8E98-2993-7798-33FCFD363EB6}.Debug|Any CPU.ActiveCfg = Debug|Any CPU
		{DDFD6E41-8E98-2993-7798-33FCFD363EB6}.Debug|Any CPU.Build.0 = Debug|Any CPU
		{DDFD6E41-8E98-2993-7798-33FCFD363EB6}.Release|Any CPU.ActiveCfg = Release|Any CPU
		{DDFD6E41-8E98-2993-7798-33FCFD363EB6}.Release|Any CPU.Build.0 = Release|Any CPU
		{A88DBC45-B8DF-3525-6A3F-3384EEF39049}.Debug|Any CPU.ActiveCfg = Debug|Any CPU
		{A88DBC45-B8DF-3525-6A3F-3384EEF39049}.Debug|Any CPU.Build.0 = Debug|Any CPU
		{A88DBC45-B8DF-3525-6A3F-3384EEF39049}.Release|Any CPU.ActiveCfg = Release|Any CPU
		{A88DBC45-B8DF-3525-6A3F-3384EEF39049}.Release|Any CPU.Build.0 = Release|Any CPU
		{58548FC5-680B-B87D-7953-9EA040B16C87}.Debug|Any CPU.ActiveCfg = Debug|Any CPU
		{58548FC5-680B-B87D-7953-9EA040B16C87}.Debug|Any CPU.Build.0 = Debug|Any CPU
		{58548FC5-680B-B87D-7953-9EA040B16C87}.Release|Any CPU.ActiveCfg = Release|Any CPU
		{58548FC5-680B-B87D-7953-9EA040B16C87}.Release|Any CPU.Build.0 = Release|Any CPU
		{EA8967D7-A135-C133-FF5D-26BF1681C414}.Debug|Any CPU.ActiveCfg = Debug|Any CPU
		{EA8967D7-A135-C133-FF5D-26BF1681C414}.Debug|Any CPU.Build.0 = Debug|Any CPU
		{EA8967D7-A135-C133-FF5D-26BF1681C414}.Release|Any CPU.ActiveCfg = Release|Any CPU
		{EA8967D7-A135-C133-FF5D-26BF1681C414}.Release|Any CPU.Build.0 = Release|Any CPU
		{3197AAF8-ECC7-37A7-A0A6-0CC92247797A}.Debug|Any CPU.ActiveCfg = Debug|Any CPU
		{3197AAF8-ECC7-37A7-A0A6-0CC92247797A}.Debug|Any CPU.Build.0 = Debug|Any CPU
		{3197AAF8-ECC7-37A7-A0A6-0CC92247797A}.Release|Any CPU.ActiveCfg = Release|Any CPU
		{3197AAF8-ECC7-37A7-A0A6-0CC92247797A}.Release|Any CPU.Build.0 = Release|Any CPU
		{C20E904B-1C2A-7731-829D-C6A82001665E}.Debug|Any CPU.ActiveCfg = Debug|Any CPU
		{C20E904B-1C2A-7731-829D-C6A82001665E}.Debug|Any CPU.Build.0 = Debug|Any CPU
		{C20E904B-1C2A-7731-829D-C6A82001665E}.Release|Any CPU.ActiveCfg = Release|Any CPU
		{C20E904B-1C2A-7731-829D-C6A82001665E}.Release|Any CPU.Build.0 = Release|Any CPU
		{9E0B2522-578C-E6A8-BF13-598F2ADAE930}.Debug|Any CPU.ActiveCfg = Debug|Any CPU
		{9E0B2522-578C-E6A8-BF13-598F2ADAE930}.Debug|Any CPU.Build.0 = Debug|Any CPU
		{9E0B2522-578C-E6A8-BF13-598F2ADAE930}.Release|Any CPU.ActiveCfg = Release|Any CPU
		{9E0B2522-578C-E6A8-BF13-598F2ADAE930}.Release|Any CPU.Build.0 = Release|Any CPU
		{43A95777-35F1-960A-C0D6-F0113F2424D7}.Debug|Any CPU.ActiveCfg = Debug|Any CPU
		{43A95777-35F1-960A-C0D6-F0113F2424D7}.Debug|Any CPU.Build.0 = Debug|Any CPU
		{43A95777-35F1-960A-C0D6-F0113F2424D7}.Release|Any CPU.ActiveCfg = Release|Any CPU
		{43A95777-35F1-960A-C0D6-F0113F2424D7}.Release|Any CPU.Build.0 = Release|Any CPU
		{5F34EC2A-5070-7AF3-703F-6E7DA44F1E6A}.Debug|Any CPU.ActiveCfg = Debug|Any CPU
		{5F34EC2A-5070-7AF3-703F-6E7DA44F1E6A}.Debug|Any CPU.Build.0 = Debug|Any CPU
		{5F34EC2A-5070-7AF3-703F-6E7DA44F1E6A}.Release|Any CPU.ActiveCfg = Release|Any CPU
		{5F34EC2A-5070-7AF3-703F-6E7DA44F1E6A}.Release|Any CPU.Build.0 = Release|Any CPU
		{EAD5188A-1301-7015-5CBA-DD3A794DACDF}.Debug|Any CPU.ActiveCfg = Debug|Any CPU
		{EAD5188A-1301-7015-5CBA-DD3A794DACDF}.Debug|Any CPU.Build.0 = Debug|Any CPU
		{EAD5188A-1301-7015-5CBA-DD3A794DACDF}.Release|Any CPU.ActiveCfg = Release|Any CPU
		{EAD5188A-1301-7015-5CBA-DD3A794DACDF}.Release|Any CPU.Build.0 = Release|Any CPU
		{C4D11B55-B622-7BD7-99DE-497E1ECB74EF}.Debug|Any CPU.ActiveCfg = Debug|Any CPU
		{C4D11B55-B622-7BD7-99DE-497E1ECB74EF}.Debug|Any CPU.Build.0 = Debug|Any CPU
		{C4D11B55-B622-7BD7-99DE-497E1ECB74EF}.Release|Any CPU.ActiveCfg = Release|Any CPU
		{C4D11B55-B622-7BD7-99DE-497E1ECB74EF}.Release|Any CPU.Build.0 = Release|Any CPU
		{0732286D-674C-56A8-8F85-7CCDD29D2C6B}.Debug|Any CPU.ActiveCfg = Debug|Any CPU
		{0732286D-674C-56A8-8F85-7CCDD29D2C6B}.Debug|Any CPU.Build.0 = Debug|Any CPU
		{0732286D-674C-56A8-8F85-7CCDD29D2C6B}.Release|Any CPU.ActiveCfg = Release|Any CPU
		{0732286D-674C-56A8-8F85-7CCDD29D2C6B}.Release|Any CPU.Build.0 = Release|Any CPU
		{1A915BE3-E1B7-BF06-25C8-FEFD1AB29023}.Debug|Any CPU.ActiveCfg = Debug|Any CPU
		{1A915BE3-E1B7-BF06-25C8-FEFD1AB29023}.Debug|Any CPU.Build.0 = Debug|Any CPU
		{1A915BE3-E1B7-BF06-25C8-FEFD1AB29023}.Release|Any CPU.ActiveCfg = Release|Any CPU
		{1A915BE3-E1B7-BF06-25C8-FEFD1AB29023}.Release|Any CPU.Build.0 = Release|Any CPU
		{ACA2719D-F55F-CB63-9190-7109032F366D}.Debug|Any CPU.ActiveCfg = Debug|Any CPU
		{ACA2719D-F55F-CB63-9190-7109032F366D}.Debug|Any CPU.Build.0 = Debug|Any CPU
		{ACA2719D-F55F-CB63-9190-7109032F366D}.Release|Any CPU.ActiveCfg = Release|Any CPU
		{ACA2719D-F55F-CB63-9190-7109032F366D}.Release|Any CPU.Build.0 = Release|Any CPU
		{51118FFA-DB2F-E418-D8C7-51DBB6F8C75E}.Debug|Any CPU.ActiveCfg = Debug|Any CPU
		{51118FFA-DB2F-E418-D8C7-51DBB6F8C75E}.Debug|Any CPU.Build.0 = Debug|Any CPU
		{51118FFA-DB2F-E418-D8C7-51DBB6F8C75E}.Release|Any CPU.ActiveCfg = Release|Any CPU
		{51118FFA-DB2F-E418-D8C7-51DBB6F8C75E}.Release|Any CPU.Build.0 = Release|Any CPU
		{C659188E-C506-C5AC-FD12-C2C199ECCCF5}.Debug|Any CPU.ActiveCfg = Debug|Any CPU
		{C659188E-C506-C5AC-FD12-C2C199ECCCF5}.Debug|Any CPU.Build.0 = Debug|Any CPU
		{C659188E-C506-C5AC-FD12-C2C199ECCCF5}.Release|Any CPU.ActiveCfg = Release|Any CPU
		{C659188E-C506-C5AC-FD12-C2C199ECCCF5}.Release|Any CPU.Build.0 = Release|Any CPU
		{3C0F05AC-F620-4CA7-4145-0A0D6C459471}.Debug|Any CPU.ActiveCfg = Debug|Any CPU
		{3C0F05AC-F620-4CA7-4145-0A0D6C459471}.Debug|Any CPU.Build.0 = Debug|Any CPU
		{3C0F05AC-F620-4CA7-4145-0A0D6C459471}.Release|Any CPU.ActiveCfg = Release|Any CPU
		{3C0F05AC-F620-4CA7-4145-0A0D6C459471}.Release|Any CPU.Build.0 = Release|Any CPU
		{6C5E667B-04F0-798E-701A-220E2982CF6A}.Debug|Any CPU.ActiveCfg = Debug|Any CPU
		{6C5E667B-04F0-798E-701A-220E2982CF6A}.Debug|Any CPU.Build.0 = Debug|Any CPU
		{6C5E667B-04F0-798E-701A-220E2982CF6A}.Release|Any CPU.ActiveCfg = Release|Any CPU
		{6C5E667B-04F0-798E-701A-220E2982CF6A}.Release|Any CPU.Build.0 = Release|Any CPU
		{D093E313-D5B2-788C-4F45-F929F7395B9C}.Debug|Any CPU.ActiveCfg = Debug|Any CPU
		{D093E313-D5B2-788C-4F45-F929F7395B9C}.Debug|Any CPU.Build.0 = Debug|Any CPU
		{D093E313-D5B2-788C-4F45-F929F7395B9C}.Release|Any CPU.ActiveCfg = Release|Any CPU
		{D093E313-D5B2-788C-4F45-F929F7395B9C}.Release|Any CPU.Build.0 = Release|Any CPU
		{2D0C966F-8370-F3D6-880B-37209C5F271D}.Debug|Any CPU.ActiveCfg = Debug|Any CPU
		{2D0C966F-8370-F3D6-880B-37209C5F271D}.Debug|Any CPU.Build.0 = Debug|Any CPU
		{2D0C966F-8370-F3D6-880B-37209C5F271D}.Release|Any CPU.ActiveCfg = Release|Any CPU
		{2D0C966F-8370-F3D6-880B-37209C5F271D}.Release|Any CPU.Build.0 = Release|Any CPU
		{8A40E1CC-9A02-95B8-4ECA-6DF1BE26B6D8}.Debug|Any CPU.ActiveCfg = Debug|Any CPU
		{8A40E1CC-9A02-95B8-4ECA-6DF1BE26B6D8}.Debug|Any CPU.Build.0 = Debug|Any CPU
		{8A40E1CC-9A02-95B8-4ECA-6DF1BE26B6D8}.Release|Any CPU.ActiveCfg = Release|Any CPU
		{8A40E1CC-9A02-95B8-4ECA-6DF1BE26B6D8}.Release|Any CPU.Build.0 = Release|Any CPU
		{4BB42FCA-ED37-C5F9-06B6-8CB1DEA6D47D}.Debug|Any CPU.ActiveCfg = Debug|Any CPU
		{4BB42FCA-ED37-C5F9-06B6-8CB1DEA6D47D}.Debug|Any CPU.Build.0 = Debug|Any CPU
		{4BB42FCA-ED37-C5F9-06B6-8CB1DEA6D47D}.Release|Any CPU.ActiveCfg = Release|Any CPU
		{4BB42FCA-ED37-C5F9-06B6-8CB1DEA6D47D}.Release|Any CPU.Build.0 = Release|Any CPU
		{5C6E066A-10A7-9DC1-1EC1-9D2E8EF0E0EB}.Debug|Any CPU.ActiveCfg = Debug|Any CPU
		{5C6E066A-10A7-9DC1-1EC1-9D2E8EF0E0EB}.Debug|Any CPU.Build.0 = Debug|Any CPU
		{5C6E066A-10A7-9DC1-1EC1-9D2E8EF0E0EB}.Release|Any CPU.ActiveCfg = Release|Any CPU
		{5C6E066A-10A7-9DC1-1EC1-9D2E8EF0E0EB}.Release|Any CPU.Build.0 = Release|Any CPU
		{5F26E53F-0817-25F9-06CF-4D63A0AC1C03}.Debug|Any CPU.ActiveCfg = Debug|Any CPU
		{5F26E53F-0817-25F9-06CF-4D63A0AC1C03}.Debug|Any CPU.Build.0 = Debug|Any CPU
		{5F26E53F-0817-25F9-06CF-4D63A0AC1C03}.Release|Any CPU.ActiveCfg = Release|Any CPU
		{5F26E53F-0817-25F9-06CF-4D63A0AC1C03}.Release|Any CPU.Build.0 = Release|Any CPU
		{670684F0-9F90-C582-0A16-9B2F0FF4C7D5}.Debug|Any CPU.ActiveCfg = Debug|Any CPU
		{670684F0-9F90-C582-0A16-9B2F0FF4C7D5}.Debug|Any CPU.Build.0 = Debug|Any CPU
		{670684F0-9F90-C582-0A16-9B2F0FF4C7D5}.Release|Any CPU.ActiveCfg = Release|Any CPU
		{670684F0-9F90-C582-0A16-9B2F0FF4C7D5}.Release|Any CPU.Build.0 = Release|Any CPU
		{E7FCA8B5-DA00-F141-4AA7-F6C1D2E4EADE}.Debug|Any CPU.ActiveCfg = Debug|Any CPU
		{E7FCA8B5-DA00-F141-4AA7-F6C1D2E4EADE}.Debug|Any CPU.Build.0 = Debug|Any CPU
		{E7FCA8B5-DA00-F141-4AA7-F6C1D2E4EADE}.Release|Any CPU.ActiveCfg = Release|Any CPU
		{E7FCA8B5-DA00-F141-4AA7-F6C1D2E4EADE}.Release|Any CPU.Build.0 = Release|Any CPU
		{EA68AFFB-984D-6D0D-86DB-715F10DE44D7}.Debug|Any CPU.ActiveCfg = Debug|Any CPU
		{EA68AFFB-984D-6D0D-86DB-715F10DE44D7}.Debug|Any CPU.Build.0 = Debug|Any CPU
		{EA68AFFB-984D-6D0D-86DB-715F10DE44D7}.Release|Any CPU.ActiveCfg = Release|Any CPU
		{EA68AFFB-984D-6D0D-86DB-715F10DE44D7}.Release|Any CPU.Build.0 = Release|Any CPU
		{34202702-B86B-89EA-EF42-FD3EF626366D}.Debug|Any CPU.ActiveCfg = Debug|Any CPU
		{34202702-B86B-89EA-EF42-FD3EF626366D}.Debug|Any CPU.Build.0 = Debug|Any CPU
		{34202702-B86B-89EA-EF42-FD3EF626366D}.Release|Any CPU.ActiveCfg = Release|Any CPU
		{34202702-B86B-89EA-EF42-FD3EF626366D}.Release|Any CPU.Build.0 = Release|Any CPU
		{A01A1052-05CA-6DE1-7586-A2B56F65DEB2}.Debug|Any CPU.ActiveCfg = Debug|Any CPU
		{A01A1052-05CA-6DE1-7586-A2B56F65DEB2}.Debug|Any CPU.Build.0 = Debug|Any CPU
		{A01A1052-05CA-6DE1-7586-A2B56F65DEB2}.Release|Any CPU.ActiveCfg = Release|Any CPU
		{A01A1052-05CA-6DE1-7586-A2B56F65DEB2}.Release|Any CPU.Build.0 = Release|Any CPU
		{C135DBDE-3B56-1A98-F28F-83110DB9151D}.Debug|Any CPU.ActiveCfg = Debug|Any CPU
		{C135DBDE-3B56-1A98-F28F-83110DB9151D}.Debug|Any CPU.Build.0 = Debug|Any CPU
		{C135DBDE-3B56-1A98-F28F-83110DB9151D}.Release|Any CPU.ActiveCfg = Release|Any CPU
		{C135DBDE-3B56-1A98-F28F-83110DB9151D}.Release|Any CPU.Build.0 = Release|Any CPU
		{4904A688-15E5-2B10-72B3-12EFB1C7F9FF}.Debug|Any CPU.ActiveCfg = Debug|Any CPU
		{4904A688-15E5-2B10-72B3-12EFB1C7F9FF}.Debug|Any CPU.Build.0 = Debug|Any CPU
		{4904A688-15E5-2B10-72B3-12EFB1C7F9FF}.Release|Any CPU.ActiveCfg = Release|Any CPU
		{4904A688-15E5-2B10-72B3-12EFB1C7F9FF}.Release|Any CPU.Build.0 = Release|Any CPU
		{A04DF00C-C071-A6B4-CED8-E98EB705296E}.Debug|Any CPU.ActiveCfg = Debug|Any CPU
		{A04DF00C-C071-A6B4-CED8-E98EB705296E}.Debug|Any CPU.Build.0 = Debug|Any CPU
		{A04DF00C-C071-A6B4-CED8-E98EB705296E}.Release|Any CPU.ActiveCfg = Release|Any CPU
		{A04DF00C-C071-A6B4-CED8-E98EB705296E}.Release|Any CPU.Build.0 = Release|Any CPU
		{3DFC23FF-C591-44D4-BB19-1144DCA9B277}.Debug|Any CPU.ActiveCfg = Debug|Any CPU
		{3DFC23FF-C591-44D4-BB19-1144DCA9B277}.Debug|Any CPU.Build.0 = Debug|Any CPU
		{3DFC23FF-C591-44D4-BB19-1144DCA9B277}.Release|Any CPU.ActiveCfg = Release|Any CPU
		{3DFC23FF-C591-44D4-BB19-1144DCA9B277}.Release|Any CPU.Build.0 = Release|Any CPU
		{8BBF646E-3234-8DE3-2819-C6857ADC6628}.Debug|Any CPU.ActiveCfg = Debug|Any CPU
		{8BBF646E-3234-8DE3-2819-C6857ADC6628}.Debug|Any CPU.Build.0 = Debug|Any CPU
		{8BBF646E-3234-8DE3-2819-C6857ADC6628}.Release|Any CPU.ActiveCfg = Release|Any CPU
		{8BBF646E-3234-8DE3-2819-C6857ADC6628}.Release|Any CPU.Build.0 = Release|Any CPU
		{F87BA412-1363-5D26-F6DC-59D967764AE3}.Debug|Any CPU.ActiveCfg = Debug|Any CPU
		{F87BA412-1363-5D26-F6DC-59D967764AE3}.Debug|Any CPU.Build.0 = Debug|Any CPU
		{F87BA412-1363-5D26-F6DC-59D967764AE3}.Release|Any CPU.ActiveCfg = Release|Any CPU
		{F87BA412-1363-5D26-F6DC-59D967764AE3}.Release|Any CPU.Build.0 = Release|Any CPU
		{0764AD15-BACD-81F3-7B5F-A69C9C94C8DF}.Debug|Any CPU.ActiveCfg = Debug|Any CPU
		{0764AD15-BACD-81F3-7B5F-A69C9C94C8DF}.Debug|Any CPU.Build.0 = Debug|Any CPU
		{0764AD15-BACD-81F3-7B5F-A69C9C94C8DF}.Release|Any CPU.ActiveCfg = Release|Any CPU
		{0764AD15-BACD-81F3-7B5F-A69C9C94C8DF}.Release|Any CPU.Build.0 = Release|Any CPU
		{D91ECB6D-5F18-C3E9-C12D-9DC7F87A4EB9}.Debug|Any CPU.ActiveCfg = Debug|Any CPU
		{D91ECB6D-5F18-C3E9-C12D-9DC7F87A4EB9}.Debug|Any CPU.Build.0 = Debug|Any CPU
		{D91ECB6D-5F18-C3E9-C12D-9DC7F87A4EB9}.Release|Any CPU.ActiveCfg = Release|Any CPU
		{D91ECB6D-5F18-C3E9-C12D-9DC7F87A4EB9}.Release|Any CPU.Build.0 = Release|Any CPU
		{A72E1000-7BBA-3DE6-04F7-E3ACEA1F5DD9}.Debug|Any CPU.ActiveCfg = Debug|Any CPU
		{A72E1000-7BBA-3DE6-04F7-E3ACEA1F5DD9}.Debug|Any CPU.Build.0 = Debug|Any CPU
		{A72E1000-7BBA-3DE6-04F7-E3ACEA1F5DD9}.Release|Any CPU.ActiveCfg = Release|Any CPU
		{A72E1000-7BBA-3DE6-04F7-E3ACEA1F5DD9}.Release|Any CPU.Build.0 = Release|Any CPU
		{CC140787-F2C6-8D50-C545-614ECF5FC7F0}.Debug|Any CPU.ActiveCfg = Debug|Any CPU
		{CC140787-F2C6-8D50-C545-614ECF5FC7F0}.Debug|Any CPU.Build.0 = Debug|Any CPU
		{CC140787-F2C6-8D50-C545-614ECF5FC7F0}.Release|Any CPU.ActiveCfg = Release|Any CPU
		{CC140787-F2C6-8D50-C545-614ECF5FC7F0}.Release|Any CPU.Build.0 = Release|Any CPU
		{969F7AE1-CDE9-BDCE-F43E-636354E5267F}.Debug|Any CPU.ActiveCfg = Debug|Any CPU
		{969F7AE1-CDE9-BDCE-F43E-636354E5267F}.Debug|Any CPU.Build.0 = Debug|Any CPU
		{969F7AE1-CDE9-BDCE-F43E-636354E5267F}.Release|Any CPU.ActiveCfg = Release|Any CPU
		{969F7AE1-CDE9-BDCE-F43E-636354E5267F}.Release|Any CPU.Build.0 = Release|Any CPU
		{E9D13965-11FB-E32B-968C-56C9B24672C8}.Debug|Any CPU.ActiveCfg = Debug|Any CPU
		{E9D13965-11FB-E32B-968C-56C9B24672C8}.Debug|Any CPU.Build.0 = Debug|Any CPU
		{E9D13965-11FB-E32B-968C-56C9B24672C8}.Release|Any CPU.ActiveCfg = Release|Any CPU
		{E9D13965-11FB-E32B-968C-56C9B24672C8}.Release|Any CPU.Build.0 = Release|Any CPU
	EndGlobalSection
	GlobalSection(SolutionProperties) = preSolution
		HideSolutionNode = FALSE
	EndGlobalSection
	GlobalSection(ExtensibilityGlobals) = postSolution
		SolutionGuid = {6478D387-7878-47EF-A560-FEC2DA080AED}
	EndGlobalSection
EndGlobal
