
Microsoft Visual Studio Solution File, Format Version 12.00
# Visual Studio 15
Project("{FAE04EC0-301F-11D3-BF4B-00C04F79EFBC}") = "PlayFab", "PlayFab.csproj", "{B307CCA4-F366-0CDF-EF21-A135AED825D8}"
EndProject
Project("{FAE04EC0-301F-11D3-BF4B-00C04F79EFBC}") = "Assembly-CSharp", "Assembly-CSharp.csproj", "{3197AAF8-ECC7-37A7-A0A6-0CC92247797A}"
EndProject
Project("{FAE04EC0-301F-11D3-BF4B-00C04F79EFBC}") = "Helper", "Helper.csproj", "{8EC6C8C5-D3BB-D64F-8C83-460E93FFB41D}"
EndProject
Project("{FAE04EC0-301F-11D3-BF4B-00C04F79EFBC}") = "TestFolderAssembly", "TestFolderAssembly.csproj", "{3C0F05AC-F620-4CA7-4145-0A0D6C459471}"
EndProject
Project("{FAE04EC0-301F-11D3-BF4B-00C04F79EFBC}") = "PlayFabEditorExtensions", "PlayFabEditorExtensions.csproj", "{90B93E1E-87CF-37B5-79EF-7F057D1C96C6}"
EndProject
Project("{FAE04EC0-301F-11D3-BF4B-00C04F79EFBC}") = "PlayFabSDKEditor", "PlayFabSDKEditor.csproj", "{EC17CE76-C0F1-DF09-A477-4F38A095F787}"
EndProject
Global
	GlobalSection(SolutionConfigurationPlatforms) = preSolution
		Debug|Any CPU = Debug|Any CPU
		Release|Any CPU = Release|Any CPU
	EndGlobalSection
	GlobalSection(ProjectConfigurationPlatforms) = postSolution
		{B307CCA4-F366-0CDF-EF21-A135AED825D8}.Debug|Any CPU.ActiveCfg = Debug|Any CPU
		{B307CCA4-F366-0CDF-EF21-A135AED825D8}.Debug|Any CPU.Build.0 = Debug|Any CPU
		{B307CCA4-F366-0CDF-EF21-A135AED825D8}.Release|Any CPU.ActiveCfg = Release|Any CPU
		{B307CCA4-F366-0CDF-EF21-A135AED825D8}.Release|Any CPU.Build.0 = Release|Any CPU
		{3197AAF8-ECC7-37A7-A0A6-0CC92247797A}.Debug|Any CPU.ActiveCfg = Debug|Any CPU
		{3197AAF8-ECC7-37A7-A0A6-0CC92247797A}.Debug|Any CPU.Build.0 = Debug|Any CPU
		{3197AAF8-ECC7-37A7-A0A6-0CC92247797A}.Release|Any CPU.ActiveCfg = Release|Any CPU
		{3197AAF8-ECC7-37A7-A0A6-0CC92247797A}.Release|Any CPU.Build.0 = Release|Any CPU
		{8EC6C8C5-D3BB-D64F-8C83-460E93FFB41D}.Debug|Any CPU.ActiveCfg = Debug|Any CPU
		{8EC6C8C5-D3BB-D64F-8C83-460E93FFB41D}.Debug|Any CPU.Build.0 = Debug|Any CPU
		{8EC6C8C5-D3BB-D64F-8C83-460E93FFB41D}.Release|Any CPU.ActiveCfg = Release|Any CPU
		{8EC6C8C5-D3BB-D64F-8C83-460E93FFB41D}.Release|Any CPU.Build.0 = Release|Any CPU
		{3C0F05AC-F620-4CA7-4145-0A0D6C459471}.Debug|Any CPU.ActiveCfg = Debug|Any CPU
		{3C0F05AC-F620-4CA7-4145-0A0D6C459471}.Debug|Any CPU.Build.0 = Debug|Any CPU
		{3C0F05AC-F620-4CA7-4145-0A0D6C459471}.Release|Any CPU.ActiveCfg = Release|Any CPU
		{3C0F05AC-F620-4CA7-4145-0A0D6C459471}.Release|Any CPU.Build.0 = Release|Any CPU
		{90B93E1E-87CF-37B5-79EF-7F057D1C96C6}.Debug|Any CPU.ActiveCfg = Debug|Any CPU
		{90B93E1E-87CF-37B5-79EF-7F057D1C96C6}.Debug|Any CPU.Build.0 = Debug|Any CPU
		{90B93E1E-87CF-37B5-79EF-7F057D1C96C6}.Release|Any CPU.ActiveCfg = Release|Any CPU
		{90B93E1E-87CF-37B5-79EF-7F057D1C96C6}.Release|Any CPU.Build.0 = Release|Any CPU
		{EC17CE76-C0F1-DF09-A477-4F38A095F787}.Debug|Any CPU.ActiveCfg = Debug|Any CPU
		{EC17CE76-C0F1-DF09-A477-4F38A095F787}.Debug|Any CPU.Build.0 = Debug|Any CPU
		{EC17CE76-C0F1-DF09-A477-4F38A095F787}.Release|Any CPU.ActiveCfg = Release|Any CPU
		{EC17CE76-C0F1-DF09-A477-4F38A095F787}.Release|Any CPU.Build.0 = Release|Any CPU
	EndGlobalSection
	GlobalSection(SolutionProperties) = preSolution
		HideSolutionNode = FALSE
	EndGlobalSection
EndGlobal
